{
  "version": 4,
  "terraform_version": "1.3.3",
  "serial": 290,
  "lineage": "48b3148c-9cf0-50a8-9fb4-f3d69e4885d8",
  "outputs": {},
  "resources": [
    {
      "mode": "managed",
      "type": "local_file",
      "name": "inventory",
      "provider": "provider[\"registry.terraform.io/hashicorp/local\"]",
      "instances": [
        {
          "schema_version": 0,
          "attributes": {
            "content": "---\nfrontend:\n  hosts:\n    57.128.81.148:\n      ansible_user: debian\n      ansible_become: True\nbackend_1:\n  hosts:\n    162.19.70.219:\n      ansible_user: debian\n      ansible_become: True\n    51.91.147.171:\n      ansible_user: debian\n      ansible_become: True\nbackend_2:\n  hosts:\n    57.128.87.138:\n      ansible_user: debian\n      ansible_become: True\n    146.59.241.147:\n      ansible_user: debian\n      ansible_become: True\n\n",
            "content_base64": null,
            "directory_permission": "0777",
            "file_permission": "0777",
            "filename": "../ansible/inventory.yml",
            "id": "ed71f975ea8db232260932c716698b5d75e81190",
            "sensitive_content": null,
            "source": null
          },
          "sensitive_attributes": [],
          "private": "bnVsbA==",
          "dependencies": [
            "openstack_compute_instance_v2.tp_backend",
            "openstack_compute_instance_v2.tp_frontend",
            "openstack_compute_keypair_v2.back_key",
            "openstack_compute_keypair_v2.front_key",
            "ovh_cloud_project_network_private.network",
            "ovh_cloud_project_network_private_subnet.subnet"
          ]
        }
      ]
    },
    {
      "mode": "managed",
      "type": "openstack_compute_instance_v2",
      "name": "tp_backend",
      "provider": "provider[\"registry.terraform.io/terraform-provider-openstack/openstack\"].ovh",
      "instances": [
        {
          "index_key": 0,
          "schema_version": 0,
          "attributes": {
            "access_ip_v4": "162.19.70.219",
            "access_ip_v6": "[2001:41d0:304:300::3153]",
            "admin_pass": null,
            "all_metadata": {},
            "all_tags": [],
            "availability_zone": "nova",
            "availability_zone_hints": null,
            "block_device": [],
            "config_drive": null,
            "flavor_id": "fa05492b-f252-4287-bf26-8bfa62933c6a",
            "flavor_name": "s1-2",
            "floating_ip": null,
            "force_delete": false,
            "id": "1391a222-6afe-47fc-bd81-3974da63ca5d",
            "image_id": "a32aaf69-72d8-4b98-9e6a-67929fa1b9cb",
            "image_name": "Debian 11",
            "key_pair": "sshkey_backend_eductive06",
            "metadata": null,
            "name": "backend_eductive06_gra_1",
            "network": [
              {
                "access_network": false,
                "fixed_ip_v4": "162.19.70.219",
                "fixed_ip_v6": "[2001:41d0:304:300::3153]",
                "floating_ip": "",
                "mac": "fa:16:3e:7e:33:b1",
                "name": "Ext-Net",
                "port": "",
                "uuid": "bcf59eb2-9d83-41cc-b4f5-0435ed594833"
              },
              {
                "access_network": false,
                "fixed_ip_v4": "192.168.6.131",
                "fixed_ip_v6": "",
                "floating_ip": "",
                "mac": "fa:16:3e:03:89:0d",
                "name": "private_network_backend_eductive06",
                "port": "",
                "uuid": "b568d540-edb8-44f3-b031-7f80cd156a8d"
              }
            ],
            "network_mode": null,
            "personality": [],
            "power_state": "active",
            "region": "GRA11",
            "scheduler_hints": [],
            "security_groups": [
              "default"
            ],
            "stop_before_destroy": false,
            "tags": [],
            "timeouts": null,
            "user_data": null,
            "vendor_options": [],
            "volume": []
          },
          "sensitive_attributes": [],
          "private": "eyJlMmJmYjczMC1lY2FhLTExZTYtOGY4OC0zNDM2M2JjN2M0YzAiOnsiY3JlYXRlIjoxODAwMDAwMDAwMDAwLCJkZWxldGUiOjE4MDAwMDAwMDAwMDAsInVwZGF0ZSI6MTgwMDAwMDAwMDAwMH19",
          "dependencies": [
            "openstack_compute_keypair_v2.back_key",
            "ovh_cloud_project_network_private.network",
            "ovh_cloud_project_network_private_subnet.subnet"
          ]
        },
        {
          "index_key": 1,
          "schema_version": 0,
          "attributes": {
            "access_ip_v4": "51.91.147.171",
            "access_ip_v6": "[2001:41d0:404:100::2a95]",
            "admin_pass": null,
            "all_metadata": {},
            "all_tags": [],
            "availability_zone": "nova",
            "availability_zone_hints": null,
            "block_device": [],
            "config_drive": null,
            "flavor_id": "ce07016c-95df-4085-bb5a-565caffc2063",
            "flavor_name": "s1-2",
            "floating_ip": null,
            "force_delete": false,
            "id": "96e434d3-6550-444d-ab8d-74b68dd9bf93",
            "image_id": "b6b0399c-b631-48ea-9b62-629579cf91f0",
            "image_name": "Debian 11",
            "key_pair": "sshkey_backend_eductive06",
            "metadata": null,
            "name": "backend_eductive06_sbg_1",
            "network": [
              {
                "access_network": false,
                "fixed_ip_v4": "51.91.147.171",
                "fixed_ip_v6": "[2001:41d0:404:100::2a95]",
                "floating_ip": "",
                "mac": "fa:16:3e:66:1a:c2",
                "name": "Ext-Net",
                "port": "",
                "uuid": "581fad02-158d-4dc6-81f0-c1ec2794bbec"
              },
              {
                "access_network": false,
                "fixed_ip_v4": "192.168.6.104",
                "fixed_ip_v6": "",
                "floating_ip": "",
                "mac": "fa:16:3e:22:1b:ec",
                "name": "private_network_backend_eductive06",
                "port": "",
                "uuid": "14acf676-990e-4891-b1b6-59ac6d57fbed"
              }
            ],
            "network_mode": null,
            "personality": [],
            "power_state": "active",
            "region": "SBG5",
            "scheduler_hints": [],
            "security_groups": [
              "default"
            ],
            "stop_before_destroy": false,
            "tags": [],
            "timeouts": null,
            "user_data": null,
            "vendor_options": [],
            "volume": []
          },
          "sensitive_attributes": [],
          "private": "eyJlMmJmYjczMC1lY2FhLTExZTYtOGY4OC0zNDM2M2JjN2M0YzAiOnsiY3JlYXRlIjoxODAwMDAwMDAwMDAwLCJkZWxldGUiOjE4MDAwMDAwMDAwMDAsInVwZGF0ZSI6MTgwMDAwMDAwMDAwMH19",
          "dependencies": [
            "openstack_compute_keypair_v2.back_key",
            "ovh_cloud_project_network_private.network",
            "ovh_cloud_project_network_private_subnet.subnet"
          ]
        },
        {
          "index_key": 2,
          "schema_version": 0,
          "attributes": {
            "access_ip_v4": "57.128.87.138",
            "access_ip_v6": "[2001:41d0:304:300::188a]",
            "admin_pass": null,
            "all_metadata": {},
            "all_tags": [],
            "availability_zone": "nova",
            "availability_zone_hints": null,
            "block_device": [],
            "config_drive": null,
            "flavor_id": "fa05492b-f252-4287-bf26-8bfa62933c6a",
            "flavor_name": "s1-2",
            "floating_ip": null,
            "force_delete": false,
            "id": "90008a65-cd15-478c-b56a-f494c564eea7",
            "image_id": "a32aaf69-72d8-4b98-9e6a-67929fa1b9cb",
            "image_name": "Debian 11",
            "key_pair": "sshkey_backend_eductive06",
            "metadata": null,
            "name": "backend_eductive06_gra_2",
            "network": [
              {
                "access_network": false,
                "fixed_ip_v4": "57.128.87.138",
                "fixed_ip_v6": "[2001:41d0:304:300::188a]",
                "floating_ip": "",
                "mac": "fa:16:3e:2e:50:49",
                "name": "Ext-Net",
                "port": "",
                "uuid": "bcf59eb2-9d83-41cc-b4f5-0435ed594833"
              },
              {
                "access_network": false,
                "fixed_ip_v4": "192.168.6.150",
                "fixed_ip_v6": "",
                "floating_ip": "",
                "mac": "fa:16:3e:7e:7c:ff",
                "name": "private_network_backend_eductive06",
                "port": "",
                "uuid": "b568d540-edb8-44f3-b031-7f80cd156a8d"
              }
            ],
            "network_mode": null,
            "personality": [],
            "power_state": "active",
            "region": "GRA11",
            "scheduler_hints": [],
            "security_groups": [
              "default"
            ],
            "stop_before_destroy": false,
            "tags": [],
            "timeouts": null,
            "user_data": null,
            "vendor_options": [],
            "volume": []
          },
          "sensitive_attributes": [],
          "private": "eyJlMmJmYjczMC1lY2FhLTExZTYtOGY4OC0zNDM2M2JjN2M0YzAiOnsiY3JlYXRlIjoxODAwMDAwMDAwMDAwLCJkZWxldGUiOjE4MDAwMDAwMDAwMDAsInVwZGF0ZSI6MTgwMDAwMDAwMDAwMH19",
          "dependencies": [
            "openstack_compute_keypair_v2.back_key",
            "ovh_cloud_project_network_private.network",
            "ovh_cloud_project_network_private_subnet.subnet"
          ]
        },
        {
          "index_key": 3,
          "schema_version": 0,
          "attributes": {
            "access_ip_v4": "146.59.241.147",
            "access_ip_v6": "[2001:41d0:404:100::1035]",
            "admin_pass": null,
            "all_metadata": {},
            "all_tags": [],
            "availability_zone": "nova",
            "availability_zone_hints": null,
            "block_device": [],
            "config_drive": null,
            "flavor_id": "ce07016c-95df-4085-bb5a-565caffc2063",
            "flavor_name": "s1-2",
            "floating_ip": null,
            "force_delete": false,
            "id": "37f96b1d-b25d-4ae2-8991-a5a6d1ec14f7",
            "image_id": "b6b0399c-b631-48ea-9b62-629579cf91f0",
            "image_name": "Debian 11",
            "key_pair": "sshkey_backend_eductive06",
            "metadata": null,
            "name": "backend_eductive06_sbg_2",
            "network": [
              {
                "access_network": false,
                "fixed_ip_v4": "146.59.241.147",
                "fixed_ip_v6": "[2001:41d0:404:100::1035]",
                "floating_ip": "",
                "mac": "fa:16:3e:8c:b8:65",
                "name": "Ext-Net",
                "port": "",
                "uuid": "581fad02-158d-4dc6-81f0-c1ec2794bbec"
              },
              {
                "access_network": false,
                "fixed_ip_v4": "192.168.6.198",
                "fixed_ip_v6": "",
                "floating_ip": "",
                "mac": "fa:16:3e:2d:c4:e0",
                "name": "private_network_backend_eductive06",
                "port": "",
                "uuid": "14acf676-990e-4891-b1b6-59ac6d57fbed"
              }
            ],
            "network_mode": null,
            "personality": [],
            "power_state": "active",
            "region": "SBG5",
            "scheduler_hints": [],
            "security_groups": [
              "default"
            ],
            "stop_before_destroy": false,
            "tags": [],
            "timeouts": null,
            "user_data": null,
            "vendor_options": [],
            "volume": []
          },
          "sensitive_attributes": [],
          "private": "eyJlMmJmYjczMC1lY2FhLTExZTYtOGY4OC0zNDM2M2JjN2M0YzAiOnsiY3JlYXRlIjoxODAwMDAwMDAwMDAwLCJkZWxldGUiOjE4MDAwMDAwMDAwMDAsInVwZGF0ZSI6MTgwMDAwMDAwMDAwMH19",
          "dependencies": [
            "openstack_compute_keypair_v2.back_key",
            "ovh_cloud_project_network_private.network",
            "ovh_cloud_project_network_private_subnet.subnet"
          ]
        },
        {
          "index_key": 4,
          "schema_version": 0,
          "attributes": {
            "access_ip_v4": "141.95.151.240",
            "access_ip_v6": "[2001:41d0:304:300::2c3b]",
            "admin_pass": null,
            "all_metadata": {},
            "all_tags": [],
            "availability_zone": "nova",
            "availability_zone_hints": null,
            "block_device": [],
            "config_drive": null,
            "flavor_id": "fa05492b-f252-4287-bf26-8bfa62933c6a",
            "flavor_name": "s1-2",
            "floating_ip": null,
            "force_delete": false,
            "id": "7e82e344-4c77-4249-8c02-999d108e6217",
            "image_id": "a32aaf69-72d8-4b98-9e6a-67929fa1b9cb",
            "image_name": "Debian 11",
            "key_pair": "sshkey_backend_eductive06",
            "metadata": null,
            "name": "backend_eductive06_gra_3",
            "network": [
              {
                "access_network": false,
                "fixed_ip_v4": "141.95.151.240",
                "fixed_ip_v6": "[2001:41d0:304:300::2c3b]",
                "floating_ip": "",
                "mac": "fa:16:3e:8b:3e:90",
                "name": "Ext-Net",
                "port": "",
                "uuid": "bcf59eb2-9d83-41cc-b4f5-0435ed594833"
              },
              {
                "access_network": false,
                "fixed_ip_v4": "192.168.6.193",
                "fixed_ip_v6": "",
                "floating_ip": "",
                "mac": "fa:16:3e:57:8c:6f",
                "name": "private_network_backend_eductive06",
                "port": "",
                "uuid": "b568d540-edb8-44f3-b031-7f80cd156a8d"
              }
            ],
            "network_mode": null,
            "personality": [],
            "power_state": "active",
            "region": "GRA11",
            "scheduler_hints": [],
            "security_groups": [
              "default"
            ],
            "stop_before_destroy": false,
            "tags": null,
            "timeouts": null,
            "user_data": null,
            "vendor_options": [],
            "volume": []
          },
          "sensitive_attributes": [],
          "private": "eyJlMmJmYjczMC1lY2FhLTExZTYtOGY4OC0zNDM2M2JjN2M0YzAiOnsiY3JlYXRlIjoxODAwMDAwMDAwMDAwLCJkZWxldGUiOjE4MDAwMDAwMDAwMDAsInVwZGF0ZSI6MTgwMDAwMDAwMDAwMH19",
          "dependencies": [
            "openstack_compute_keypair_v2.back_key",
            "ovh_cloud_project_network_private.network",
            "ovh_cloud_project_network_private_subnet.subnet"
          ]
        },
        {
          "index_key": 5,
          "schema_version": 0,
          "attributes": {
            "access_ip_v4": "57.128.34.73",
            "access_ip_v6": "[2001:41d0:404:100::2ef3]",
            "admin_pass": null,
            "all_metadata": {},
            "all_tags": [],
            "availability_zone": "nova",
            "availability_zone_hints": null,
            "block_device": [],
            "config_drive": null,
            "flavor_id": "ce07016c-95df-4085-bb5a-565caffc2063",
            "flavor_name": "s1-2",
            "floating_ip": null,
            "force_delete": false,
            "id": "828a562e-5b16-4843-a395-086b758a3e0b",
            "image_id": "b6b0399c-b631-48ea-9b62-629579cf91f0",
            "image_name": "Debian 11",
            "key_pair": "sshkey_backend_eductive06",
            "metadata": null,
            "name": "backend_eductive06_sbg_3",
            "network": [
              {
                "access_network": false,
                "fixed_ip_v4": "57.128.34.73",
                "fixed_ip_v6": "[2001:41d0:404:100::2ef3]",
                "floating_ip": "",
                "mac": "fa:16:3e:29:a1:2d",
                "name": "Ext-Net",
                "port": "",
                "uuid": "581fad02-158d-4dc6-81f0-c1ec2794bbec"
              },
              {
                "access_network": false,
                "fixed_ip_v4": "192.168.6.179",
                "fixed_ip_v6": "",
                "floating_ip": "",
                "mac": "fa:16:3e:f7:d3:1e",
                "name": "private_network_backend_eductive06",
                "port": "",
                "uuid": "14acf676-990e-4891-b1b6-59ac6d57fbed"
              }
            ],
            "network_mode": null,
            "personality": [],
            "power_state": "active",
            "region": "SBG5",
            "scheduler_hints": [],
            "security_groups": [
              "default"
            ],
            "stop_before_destroy": false,
            "tags": null,
            "timeouts": null,
            "user_data": null,
            "vendor_options": [],
            "volume": []
          },
          "sensitive_attributes": [],
          "private": "eyJlMmJmYjczMC1lY2FhLTExZTYtOGY4OC0zNDM2M2JjN2M0YzAiOnsiY3JlYXRlIjoxODAwMDAwMDAwMDAwLCJkZWxldGUiOjE4MDAwMDAwMDAwMDAsInVwZGF0ZSI6MTgwMDAwMDAwMDAwMH19",
          "dependencies": [
            "openstack_compute_keypair_v2.back_key",
            "ovh_cloud_project_network_private.network",
            "ovh_cloud_project_network_private_subnet.subnet"
          ]
        }
      ]
    },
    {
      "mode": "managed",
      "type": "openstack_compute_instance_v2",
      "name": "tp_frontend",
      "provider": "provider[\"registry.terraform.io/terraform-provider-openstack/openstack\"].ovh",
      "instances": [
        {
          "schema_version": 0,
          "attributes": {
            "access_ip_v4": "57.128.81.148",
            "access_ip_v6": "[2001:41d0:304:300::2427]",
            "admin_pass": null,
            "all_metadata": {},
            "all_tags": [],
            "availability_zone": "nova",
            "availability_zone_hints": null,
            "block_device": [],
            "config_drive": null,
            "flavor_id": "fa05492b-f252-4287-bf26-8bfa62933c6a",
            "flavor_name": "s1-2",
            "floating_ip": null,
            "force_delete": false,
            "id": "0e1c227c-f149-47dc-99ab-d31f80a96731",
            "image_id": "a32aaf69-72d8-4b98-9e6a-67929fa1b9cb",
            "image_name": "Debian 11",
            "key_pair": "sshkey_front_eductive06",
            "metadata": null,
            "name": "front_eductive06",
            "network": [
              {
                "access_network": false,
                "fixed_ip_v4": "57.128.81.148",
                "fixed_ip_v6": "[2001:41d0:304:300::2427]",
                "floating_ip": "",
                "mac": "fa:16:3e:6e:66:99",
                "name": "Ext-Net",
                "port": "",
                "uuid": "bcf59eb2-9d83-41cc-b4f5-0435ed594833"
              },
              {
                "access_network": false,
                "fixed_ip_v4": "192.168.6.109",
                "fixed_ip_v6": "",
                "floating_ip": "",
                "mac": "fa:16:3e:43:97:b6",
                "name": "private_network_backend_eductive06",
                "port": "",
                "uuid": "b568d540-edb8-44f3-b031-7f80cd156a8d"
              }
            ],
            "network_mode": null,
            "personality": [],
            "power_state": "active",
            "region": "GRA11",
            "scheduler_hints": [],
            "security_groups": [
              "default"
            ],
            "stop_before_destroy": false,
            "tags": [],
            "timeouts": null,
            "user_data": null,
            "vendor_options": [],
            "volume": []
          },
          "sensitive_attributes": [],
          "private": "eyJlMmJmYjczMC1lY2FhLTExZTYtOGY4OC0zNDM2M2JjN2M0YzAiOnsiY3JlYXRlIjoxODAwMDAwMDAwMDAwLCJkZWxldGUiOjE4MDAwMDAwMDAwMDAsInVwZGF0ZSI6MTgwMDAwMDAwMDAwMH19",
          "dependencies": [
            "openstack_compute_keypair_v2.front_key",
            "ovh_cloud_project_network_private.network",
            "ovh_cloud_project_network_private_subnet.subnet"
          ]
        }
      ]
    },
    {
      "mode": "managed",
      "type": "openstack_compute_keypair_v2",
      "name": "back_key",
      "provider": "provider[\"registry.terraform.io/terraform-provider-openstack/openstack\"].ovh",
      "instances": [
        {
          "index_key": 0,
          "schema_version": 0,
          "attributes": {
            "fingerprint": "41:d1:df:63:55:d6:16:72:ad:fb:73:97:02:60:c4:40",
            "id": "sshkey_backend_eductive06",
            "name": "sshkey_backend_eductive06",
            "private_key": "",
            "public_key": "ssh-rsa AAAAB3NzaC1yc2EAAAADAQABAAACAQC7AJjlyTKqdFpY+mZM6hUUCghmdaHZpDxmgVfE1zYNoEww+2LxXYmjh2sBJGxJzwMS0p1xd67KVZ1Wq6PVsU7X90jVH9Iv0zC4FHZShDBNAJ3eVSL1whu8ORx8Lyt61KdCK1wjXT8aXR484j+PJKv0HUrtlXPx11pfSmgPRrFrwsRKOMOochOy7Cmx4u+JUZ46dLd/tJu3bK8afHS+4rmCOILdkXO9lwiu2/tkvJ7eyDIO/MVue+qd8v3TLBSMiqWw8vIN+v54GMu11bydfBpAUx/rB6wli9GcXD6rGOa21uiSXfMV+eZzHkBTVIt7sGtNLyl/5Vyf57RWmswSQQt2jIqzHRbxUpzDwpFIPnwNqyIj+1mZaghJLHJyaIOQ79BeuzGU8dKLGaautRJv75KvEK+X3iFSnvBhvTjSvEP1LHFtW+8KJZUipQ6F7yZ+mN5ASqqap1fuLhuuXTcumJ/xwudn1YlRKw3lnIqnz5QVg2CYXIXTzHe3um33x+om2cLCX6az7pyd4xMcd18gqoehxNxVdYB7XrT1FFGuxnxIBUUonwdCUGtLbqXaYCGOD6eRuvZSDa/KcAJTEJkHHXZ3XUsHocpUaNRrqAjtiQDrjQAHznMTvdcGyHSZDmjKV1N7FeGpG/dMRv3hu0q7v8Peie4mKcY6ktn9yGHsOSJaSQ== eductive06@master.thisistheway.ovh\n",
            "region": "GRA11",
            "value_specs": null
          },
          "sensitive_attributes": [],
          "private": "bnVsbA=="
        },
        {
          "index_key": 1,
          "schema_version": 0,
          "attributes": {
            "fingerprint": "41:d1:df:63:55:d6:16:72:ad:fb:73:97:02:60:c4:40",
            "id": "sshkey_backend_eductive06",
            "name": "sshkey_backend_eductive06",
            "private_key": "",
            "public_key": "ssh-rsa AAAAB3NzaC1yc2EAAAADAQABAAACAQC7AJjlyTKqdFpY+mZM6hUUCghmdaHZpDxmgVfE1zYNoEww+2LxXYmjh2sBJGxJzwMS0p1xd67KVZ1Wq6PVsU7X90jVH9Iv0zC4FHZShDBNAJ3eVSL1whu8ORx8Lyt61KdCK1wjXT8aXR484j+PJKv0HUrtlXPx11pfSmgPRrFrwsRKOMOochOy7Cmx4u+JUZ46dLd/tJu3bK8afHS+4rmCOILdkXO9lwiu2/tkvJ7eyDIO/MVue+qd8v3TLBSMiqWw8vIN+v54GMu11bydfBpAUx/rB6wli9GcXD6rGOa21uiSXfMV+eZzHkBTVIt7sGtNLyl/5Vyf57RWmswSQQt2jIqzHRbxUpzDwpFIPnwNqyIj+1mZaghJLHJyaIOQ79BeuzGU8dKLGaautRJv75KvEK+X3iFSnvBhvTjSvEP1LHFtW+8KJZUipQ6F7yZ+mN5ASqqap1fuLhuuXTcumJ/xwudn1YlRKw3lnIqnz5QVg2CYXIXTzHe3um33x+om2cLCX6az7pyd4xMcd18gqoehxNxVdYB7XrT1FFGuxnxIBUUonwdCUGtLbqXaYCGOD6eRuvZSDa/KcAJTEJkHHXZ3XUsHocpUaNRrqAjtiQDrjQAHznMTvdcGyHSZDmjKV1N7FeGpG/dMRv3hu0q7v8Peie4mKcY6ktn9yGHsOSJaSQ== eductive06@master.thisistheway.ovh\n",
            "region": "SBG5",
            "value_specs": null
          },
          "sensitive_attributes": [],
          "private": "bnVsbA=="
        }
      ]
    },
    {
      "mode": "managed",
      "type": "openstack_compute_keypair_v2",
      "name": "front_key",
      "provider": "provider[\"registry.terraform.io/terraform-provider-openstack/openstack\"].ovh",
      "instances": [
        {
          "schema_version": 0,
          "attributes": {
            "fingerprint": "41:d1:df:63:55:d6:16:72:ad:fb:73:97:02:60:c4:40",
            "id": "sshkey_front_eductive06",
            "name": "sshkey_front_eductive06",
            "private_key": "",
            "public_key": "ssh-rsa AAAAB3NzaC1yc2EAAAADAQABAAACAQC7AJjlyTKqdFpY+mZM6hUUCghmdaHZpDxmgVfE1zYNoEww+2LxXYmjh2sBJGxJzwMS0p1xd67KVZ1Wq6PVsU7X90jVH9Iv0zC4FHZShDBNAJ3eVSL1whu8ORx8Lyt61KdCK1wjXT8aXR484j+PJKv0HUrtlXPx11pfSmgPRrFrwsRKOMOochOy7Cmx4u+JUZ46dLd/tJu3bK8afHS+4rmCOILdkXO9lwiu2/tkvJ7eyDIO/MVue+qd8v3TLBSMiqWw8vIN+v54GMu11bydfBpAUx/rB6wli9GcXD6rGOa21uiSXfMV+eZzHkBTVIt7sGtNLyl/5Vyf57RWmswSQQt2jIqzHRbxUpzDwpFIPnwNqyIj+1mZaghJLHJyaIOQ79BeuzGU8dKLGaautRJv75KvEK+X3iFSnvBhvTjSvEP1LHFtW+8KJZUipQ6F7yZ+mN5ASqqap1fuLhuuXTcumJ/xwudn1YlRKw3lnIqnz5QVg2CYXIXTzHe3um33x+om2cLCX6az7pyd4xMcd18gqoehxNxVdYB7XrT1FFGuxnxIBUUonwdCUGtLbqXaYCGOD6eRuvZSDa/KcAJTEJkHHXZ3XUsHocpUaNRrqAjtiQDrjQAHznMTvdcGyHSZDmjKV1N7FeGpG/dMRv3hu0q7v8Peie4mKcY6ktn9yGHsOSJaSQ== eductive06@master.thisistheway.ovh\n",
            "region": "GRA11",
            "value_specs": null
          },
          "sensitive_attributes": [],
          "private": "bnVsbA=="
        }
      ]
    },
    {
      "mode": "managed",
      "type": "ovh_cloud_project_network_private",
      "name": "network",
      "provider": "provider[\"registry.terraform.io/ovh/ovh\"].ovh",
      "instances": [
        {
          "schema_version": 0,
          "attributes": {
            "id": "pn-1089024_6",
            "name": "private_network_backend_eductive06",
            "regions": [
              "GRA11",
              "SBG5"
            ],
            "regions_attributes": [
              {
                "openstackid": "14acf676-990e-4891-b1b6-59ac6d57fbed",
                "region": "SBG5",
                "status": "ACTIVE"
              },
              {
                "openstackid": "b568d540-edb8-44f3-b031-7f80cd156a8d",
                "region": "GRA11",
                "status": "ACTIVE"
              }
            ],
            "regions_status": [
              {
                "region": "SBG5",
                "status": "ACTIVE"
              }
            ],
            "service_name": "9957f50cea694f13b26cc064d04b2e95",
            "status": "ACTIVE",
            "type": "private",
            "vlan_id": 6
          },
          "sensitive_attributes": [],
          "private": "bnVsbA=="
        }
      ]
    },
    {
      "mode": "managed",
      "type": "ovh_cloud_project_network_private_subnet",
      "name": "subnet",
      "provider": "provider[\"registry.terraform.io/ovh/ovh\"].ovh",
      "instances": [
        {
          "index_key": 0,
          "schema_version": 0,
          "attributes": {
            "cidr": "192.168.6.0/24",
            "dhcp": true,
            "end": "192.168.6.200",
            "gateway_ip": "",
            "id": "3274d70e-d503-44c0-9d8c-3819cfdb2454",
            "ip_pools": [
              {
                "dhcp": true,
                "end": "192.168.6.200",
                "network": "192.168.6.0/24",
                "region": "GRA11",
                "start": "192.168.6.100"
              }
            ],
            "network": "192.168.6.0/24",
            "network_id": "pn-1089024_6",
            "no_gateway": true,
            "region": "GRA11",
            "service_name": "9957f50cea694f13b26cc064d04b2e95",
            "start": "192.168.6.100"
          },
          "sensitive_attributes": [],
          "private": "bnVsbA==",
          "dependencies": [
            "ovh_cloud_project_network_private.network"
          ]
        },
        {
          "index_key": 1,
          "schema_version": 0,
          "attributes": {
            "cidr": "192.168.6.0/24",
            "dhcp": true,
            "end": "192.168.6.200",
            "gateway_ip": "",
            "id": "df2b3e2e-b6ee-4346-aaea-065d37f313f6",
            "ip_pools": [
              {
                "dhcp": true,
                "end": "192.168.6.200",
                "network": "192.168.6.0/24",
                "region": "SBG5",
                "start": "192.168.6.100"
              }
            ],
            "network": "192.168.6.0/24",
            "network_id": "pn-1089024_6",
            "no_gateway": true,
            "region": "SBG5",
            "service_name": "9957f50cea694f13b26cc064d04b2e95",
            "start": "192.168.6.100"
          },
          "sensitive_attributes": [],
          "private": "bnVsbA==",
          "dependencies": [
            "ovh_cloud_project_network_private.network"
          ]
        }
      ]
    }
  ],
  "check_results": []
}
