{
  "version": 4,
  "terraform_version": "1.3.3",
  "serial": 654,
  "lineage": "48b3148c-9cf0-50a8-9fb4-f3d69e4885d8",
  "outputs": {
    "user_name": {
      "value": "eductive06",
      "type": "string"
    },
    "user_password": {
      "value": "AVNS_QOWfwGWUnXPM5xN0PoK",
      "type": "string",
      "sensitive": true
    }
  },
  "resources": [
    {
      "mode": "managed",
      "type": "local_file",
      "name": "inventory",
      "provider": "provider[\"registry.terraform.io/hashicorp/local\"]",
      "instances": [
        {
          "schema_version": 0,
          "attributes": {
            "content": "---\nfrontend:\n  hosts:\n    57.128.44.17:\n      ansible_user: debian\n      ansible_become: True\nbackend_1:\n  hosts:\n    57.128.85.67:\n      ansible_user: debian\n      ansible_become: True\n    57.128.71.58:\n      ansible_user: debian\n      ansible_become: True\nbackend_2:\n  hosts:\n    57.128.81.107:\n      ansible_user: debian\n      ansible_become: True\n    57.128.71.13:\n      ansible_user: debian\n      ansible_become: True\nbackend_3:\n  hosts:\n    57.128.82.228:\n      ansible_user: debian\n      ansible_become: True\n    57.128.69.58:\n      ansible_user: debian\n      ansible_become: True\ndb:\n  hosts:\n    mysql-e8f51fde-o5d5bb6d4.database.cloud.ovh.net:\n      port: 20184\n      name: eductive06\n      password: AVNS_QOWfwGWUnXPM5xN0PoK\n\n \n",
            "content_base64": null,
            "directory_permission": "0777",
            "file_permission": "0777",
            "filename": "../ansible/inventory.yml",
            "id": "aab4df787557fb4381024a342d2568785babc286",
            "sensitive_content": null,
            "source": null
          },
          "sensitive_attributes": [
            [
              {
                "type": "get_attr",
                "value": "content"
              }
            ]
          ],
          "private": "bnVsbA==",
          "dependencies": [
            "openstack_compute_instance_v2.tp_backend",
            "openstack_compute_instance_v2.tp_frontend",
            "openstack_compute_keypair_v2.back_key",
            "openstack_compute_keypair_v2.front_key",
            "ovh_cloud_project_database.db_eductive06",
            "ovh_cloud_project_database_user.user",
            "ovh_cloud_project_network_private.network",
            "ovh_cloud_project_network_private_subnet.subnet"
          ]
        }
      ]
    },
    {
      "mode": "managed",
      "type": "openstack_compute_instance_v2",
      "name": "tp_backend",
      "provider": "provider[\"registry.terraform.io/terraform-provider-openstack/openstack\"].ovh",
      "instances": [
        {
          "index_key": 0,
          "schema_version": 0,
          "attributes": {
            "access_ip_v4": "57.128.85.67",
            "access_ip_v6": "[2001:41d0:304:300::242b]",
            "admin_pass": null,
            "all_metadata": {},
            "all_tags": [],
            "availability_zone": "nova",
            "availability_zone_hints": null,
            "block_device": [],
            "config_drive": null,
            "flavor_id": "fa05492b-f252-4287-bf26-8bfa62933c6a",
            "flavor_name": "s1-2",
            "floating_ip": null,
            "force_delete": false,
            "id": "253ebd7c-b82a-4c14-9600-874fec242110",
            "image_id": "a32aaf69-72d8-4b98-9e6a-67929fa1b9cb",
            "image_name": "Debian 11",
            "key_pair": "sshkey_backend_eductive06",
            "metadata": null,
            "name": "backend_eductive06_gra_1",
            "network": [
              {
                "access_network": false,
                "fixed_ip_v4": "57.128.85.67",
                "fixed_ip_v6": "[2001:41d0:304:300::242b]",
                "floating_ip": "",
                "mac": "fa:16:3e:3f:0d:69",
                "name": "Ext-Net",
                "port": "",
                "uuid": "bcf59eb2-9d83-41cc-b4f5-0435ed594833"
              },
              {
                "access_network": false,
                "fixed_ip_v4": "192.168.6.121",
                "fixed_ip_v6": "",
                "floating_ip": "",
                "mac": "fa:16:3e:5f:35:9a",
                "name": "private_network_backend_eductive06",
                "port": "",
                "uuid": "8e44b50e-7959-498c-875a-33cd1153d8cb"
              }
            ],
            "network_mode": null,
            "personality": [],
            "power_state": "active",
            "region": "GRA11",
            "scheduler_hints": [],
            "security_groups": [
              "default"
            ],
            "stop_before_destroy": false,
            "tags": [],
            "timeouts": null,
            "user_data": null,
            "vendor_options": [],
            "volume": []
          },
          "sensitive_attributes": [],
          "private": "eyJlMmJmYjczMC1lY2FhLTExZTYtOGY4OC0zNDM2M2JjN2M0YzAiOnsiY3JlYXRlIjoxODAwMDAwMDAwMDAwLCJkZWxldGUiOjE4MDAwMDAwMDAwMDAsInVwZGF0ZSI6MTgwMDAwMDAwMDAwMH19",
          "dependencies": [
            "openstack_compute_keypair_v2.back_key",
            "ovh_cloud_project_network_private.network",
            "ovh_cloud_project_network_private_subnet.subnet"
          ]
        },
        {
          "index_key": 1,
          "schema_version": 0,
          "attributes": {
            "access_ip_v4": "57.128.71.58",
            "access_ip_v6": "[2001:41d0:404:100::25da]",
            "admin_pass": null,
            "all_metadata": {},
            "all_tags": [],
            "availability_zone": "nova",
            "availability_zone_hints": null,
            "block_device": [],
            "config_drive": null,
            "flavor_id": "ce07016c-95df-4085-bb5a-565caffc2063",
            "flavor_name": "s1-2",
            "floating_ip": null,
            "force_delete": false,
            "id": "8196c873-1599-4f55-bea7-b544e26aa016",
            "image_id": "b6b0399c-b631-48ea-9b62-629579cf91f0",
            "image_name": "Debian 11",
            "key_pair": "sshkey_backend_eductive06",
            "metadata": null,
            "name": "backend_eductive06_sbg_1",
            "network": [
              {
                "access_network": false,
                "fixed_ip_v4": "57.128.71.58",
                "fixed_ip_v6": "[2001:41d0:404:100::25da]",
                "floating_ip": "",
                "mac": "fa:16:3e:b8:c7:65",
                "name": "Ext-Net",
                "port": "",
                "uuid": "581fad02-158d-4dc6-81f0-c1ec2794bbec"
              },
              {
                "access_network": false,
                "fixed_ip_v4": "192.168.6.168",
                "fixed_ip_v6": "",
                "floating_ip": "",
                "mac": "fa:16:3e:23:c5:2d",
                "name": "private_network_backend_eductive06",
                "port": "",
                "uuid": "7383171d-db92-4b72-9c95-a7fbb7c67f3e"
              }
            ],
            "network_mode": null,
            "personality": [],
            "power_state": "active",
            "region": "SBG5",
            "scheduler_hints": [],
            "security_groups": [
              "default"
            ],
            "stop_before_destroy": false,
            "tags": [],
            "timeouts": null,
            "user_data": null,
            "vendor_options": [],
            "volume": []
          },
          "sensitive_attributes": [],
          "private": "eyJlMmJmYjczMC1lY2FhLTExZTYtOGY4OC0zNDM2M2JjN2M0YzAiOnsiY3JlYXRlIjoxODAwMDAwMDAwMDAwLCJkZWxldGUiOjE4MDAwMDAwMDAwMDAsInVwZGF0ZSI6MTgwMDAwMDAwMDAwMH19",
          "dependencies": [
            "openstack_compute_keypair_v2.back_key",
            "ovh_cloud_project_network_private.network",
            "ovh_cloud_project_network_private_subnet.subnet"
          ]
        },
        {
          "index_key": 2,
          "schema_version": 0,
          "attributes": {
            "access_ip_v4": "57.128.81.107",
            "access_ip_v6": "[2001:41d0:304:300::bf6]",
            "admin_pass": null,
            "all_metadata": {},
            "all_tags": [],
            "availability_zone": "nova",
            "availability_zone_hints": null,
            "block_device": [],
            "config_drive": null,
            "flavor_id": "fa05492b-f252-4287-bf26-8bfa62933c6a",
            "flavor_name": "s1-2",
            "floating_ip": null,
            "force_delete": false,
            "id": "fb637a13-a5f8-456b-8ac6-51d47af1cb9a",
            "image_id": "a32aaf69-72d8-4b98-9e6a-67929fa1b9cb",
            "image_name": "Debian 11",
            "key_pair": "sshkey_backend_eductive06",
            "metadata": null,
            "name": "backend_eductive06_gra_2",
            "network": [
              {
                "access_network": false,
                "fixed_ip_v4": "57.128.81.107",
                "fixed_ip_v6": "[2001:41d0:304:300::bf6]",
                "floating_ip": "",
                "mac": "fa:16:3e:1e:51:01",
                "name": "Ext-Net",
                "port": "",
                "uuid": "bcf59eb2-9d83-41cc-b4f5-0435ed594833"
              },
              {
                "access_network": false,
                "fixed_ip_v4": "192.168.6.153",
                "fixed_ip_v6": "",
                "floating_ip": "",
                "mac": "fa:16:3e:94:2e:74",
                "name": "private_network_backend_eductive06",
                "port": "",
                "uuid": "8e44b50e-7959-498c-875a-33cd1153d8cb"
              }
            ],
            "network_mode": null,
            "personality": [],
            "power_state": "active",
            "region": "GRA11",
            "scheduler_hints": [],
            "security_groups": [
              "default"
            ],
            "stop_before_destroy": false,
            "tags": [],
            "timeouts": null,
            "user_data": null,
            "vendor_options": [],
            "volume": []
          },
          "sensitive_attributes": [],
          "private": "eyJlMmJmYjczMC1lY2FhLTExZTYtOGY4OC0zNDM2M2JjN2M0YzAiOnsiY3JlYXRlIjoxODAwMDAwMDAwMDAwLCJkZWxldGUiOjE4MDAwMDAwMDAwMDAsInVwZGF0ZSI6MTgwMDAwMDAwMDAwMH19",
          "dependencies": [
            "openstack_compute_keypair_v2.back_key",
            "ovh_cloud_project_network_private.network",
            "ovh_cloud_project_network_private_subnet.subnet"
          ]
        },
        {
          "index_key": 3,
          "schema_version": 0,
          "attributes": {
            "access_ip_v4": "57.128.71.13",
            "access_ip_v6": "[2001:41d0:404:100::31ad]",
            "admin_pass": null,
            "all_metadata": {},
            "all_tags": [],
            "availability_zone": "nova",
            "availability_zone_hints": null,
            "block_device": [],
            "config_drive": null,
            "flavor_id": "ce07016c-95df-4085-bb5a-565caffc2063",
            "flavor_name": "s1-2",
            "floating_ip": null,
            "force_delete": false,
            "id": "4945c7fa-0083-46ac-866d-fbfaedf1bd4a",
            "image_id": "b6b0399c-b631-48ea-9b62-629579cf91f0",
            "image_name": "Debian 11",
            "key_pair": "sshkey_backend_eductive06",
            "metadata": null,
            "name": "backend_eductive06_sbg_2",
            "network": [
              {
                "access_network": false,
                "fixed_ip_v4": "57.128.71.13",
                "fixed_ip_v6": "[2001:41d0:404:100::31ad]",
                "floating_ip": "",
                "mac": "fa:16:3e:78:90:13",
                "name": "Ext-Net",
                "port": "",
                "uuid": "581fad02-158d-4dc6-81f0-c1ec2794bbec"
              },
              {
                "access_network": false,
                "fixed_ip_v4": "192.168.6.188",
                "fixed_ip_v6": "",
                "floating_ip": "",
                "mac": "fa:16:3e:dc:a2:84",
                "name": "private_network_backend_eductive06",
                "port": "",
                "uuid": "7383171d-db92-4b72-9c95-a7fbb7c67f3e"
              }
            ],
            "network_mode": null,
            "personality": [],
            "power_state": "active",
            "region": "SBG5",
            "scheduler_hints": [],
            "security_groups": [
              "default"
            ],
            "stop_before_destroy": false,
            "tags": [],
            "timeouts": null,
            "user_data": null,
            "vendor_options": [],
            "volume": []
          },
          "sensitive_attributes": [],
          "private": "eyJlMmJmYjczMC1lY2FhLTExZTYtOGY4OC0zNDM2M2JjN2M0YzAiOnsiY3JlYXRlIjoxODAwMDAwMDAwMDAwLCJkZWxldGUiOjE4MDAwMDAwMDAwMDAsInVwZGF0ZSI6MTgwMDAwMDAwMDAwMH19",
          "dependencies": [
            "openstack_compute_keypair_v2.back_key",
            "ovh_cloud_project_network_private.network",
            "ovh_cloud_project_network_private_subnet.subnet"
          ]
        },
        {
          "index_key": 4,
          "schema_version": 0,
          "attributes": {
            "access_ip_v4": "57.128.82.228",
            "access_ip_v6": "[2001:41d0:304:300::29d2]",
            "admin_pass": null,
            "all_metadata": {},
            "all_tags": [],
            "availability_zone": "nova",
            "availability_zone_hints": null,
            "block_device": [],
            "config_drive": null,
            "flavor_id": "fa05492b-f252-4287-bf26-8bfa62933c6a",
            "flavor_name": "s1-2",
            "floating_ip": null,
            "force_delete": false,
            "id": "f20b447b-814b-4fa2-92b1-e946452117df",
            "image_id": "a32aaf69-72d8-4b98-9e6a-67929fa1b9cb",
            "image_name": "Debian 11",
            "key_pair": "sshkey_backend_eductive06",
            "metadata": null,
            "name": "backend_eductive06_gra_3",
            "network": [
              {
                "access_network": false,
                "fixed_ip_v4": "57.128.82.228",
                "fixed_ip_v6": "[2001:41d0:304:300::29d2]",
                "floating_ip": "",
                "mac": "fa:16:3e:bf:36:9b",
                "name": "Ext-Net",
                "port": "",
                "uuid": "bcf59eb2-9d83-41cc-b4f5-0435ed594833"
              },
              {
                "access_network": false,
                "fixed_ip_v4": "192.168.6.133",
                "fixed_ip_v6": "",
                "floating_ip": "",
                "mac": "fa:16:3e:04:08:b4",
                "name": "private_network_backend_eductive06",
                "port": "",
                "uuid": "8e44b50e-7959-498c-875a-33cd1153d8cb"
              }
            ],
            "network_mode": null,
            "personality": [],
            "power_state": "active",
            "region": "GRA11",
            "scheduler_hints": [],
            "security_groups": [
              "default"
            ],
            "stop_before_destroy": false,
            "tags": [],
            "timeouts": null,
            "user_data": null,
            "vendor_options": [],
            "volume": []
          },
          "sensitive_attributes": [],
          "private": "eyJlMmJmYjczMC1lY2FhLTExZTYtOGY4OC0zNDM2M2JjN2M0YzAiOnsiY3JlYXRlIjoxODAwMDAwMDAwMDAwLCJkZWxldGUiOjE4MDAwMDAwMDAwMDAsInVwZGF0ZSI6MTgwMDAwMDAwMDAwMH19",
          "dependencies": [
            "openstack_compute_keypair_v2.back_key",
            "ovh_cloud_project_network_private.network",
            "ovh_cloud_project_network_private_subnet.subnet"
          ]
        },
        {
          "index_key": 5,
          "schema_version": 0,
          "attributes": {
            "access_ip_v4": "57.128.69.58",
            "access_ip_v6": "[2001:41d0:404:100::28f6]",
            "admin_pass": null,
            "all_metadata": {},
            "all_tags": [],
            "availability_zone": "nova",
            "availability_zone_hints": null,
            "block_device": [],
            "config_drive": null,
            "flavor_id": "ce07016c-95df-4085-bb5a-565caffc2063",
            "flavor_name": "s1-2",
            "floating_ip": null,
            "force_delete": false,
            "id": "4eae6ca3-2dfb-47a8-a11a-513d1609b9a2",
            "image_id": "b6b0399c-b631-48ea-9b62-629579cf91f0",
            "image_name": "Debian 11",
            "key_pair": "sshkey_backend_eductive06",
            "metadata": null,
            "name": "backend_eductive06_sbg_3",
            "network": [
              {
                "access_network": false,
                "fixed_ip_v4": "57.128.69.58",
                "fixed_ip_v6": "[2001:41d0:404:100::28f6]",
                "floating_ip": "",
                "mac": "fa:16:3e:c9:ae:03",
                "name": "Ext-Net",
                "port": "",
                "uuid": "581fad02-158d-4dc6-81f0-c1ec2794bbec"
              },
              {
                "access_network": false,
                "fixed_ip_v4": "192.168.6.158",
                "fixed_ip_v6": "",
                "floating_ip": "",
                "mac": "fa:16:3e:4c:80:64",
                "name": "private_network_backend_eductive06",
                "port": "",
                "uuid": "7383171d-db92-4b72-9c95-a7fbb7c67f3e"
              }
            ],
            "network_mode": null,
            "personality": [],
            "power_state": "active",
            "region": "SBG5",
            "scheduler_hints": [],
            "security_groups": [
              "default"
            ],
            "stop_before_destroy": false,
            "tags": [],
            "timeouts": null,
            "user_data": null,
            "vendor_options": [],
            "volume": []
          },
          "sensitive_attributes": [],
          "private": "eyJlMmJmYjczMC1lY2FhLTExZTYtOGY4OC0zNDM2M2JjN2M0YzAiOnsiY3JlYXRlIjoxODAwMDAwMDAwMDAwLCJkZWxldGUiOjE4MDAwMDAwMDAwMDAsInVwZGF0ZSI6MTgwMDAwMDAwMDAwMH19",
          "dependencies": [
            "openstack_compute_keypair_v2.back_key",
            "ovh_cloud_project_network_private.network",
            "ovh_cloud_project_network_private_subnet.subnet"
          ]
        }
      ]
    },
    {
      "mode": "managed",
      "type": "openstack_compute_instance_v2",
      "name": "tp_frontend",
      "provider": "provider[\"registry.terraform.io/terraform-provider-openstack/openstack\"].ovh",
      "instances": [
        {
          "schema_version": 0,
          "attributes": {
            "access_ip_v4": "57.128.44.17",
            "access_ip_v6": "[2001:41d0:304:300::35e3]",
            "admin_pass": null,
            "all_metadata": {},
            "all_tags": [],
            "availability_zone": "nova",
            "availability_zone_hints": null,
            "block_device": [],
            "config_drive": null,
            "flavor_id": "fa05492b-f252-4287-bf26-8bfa62933c6a",
            "flavor_name": "s1-2",
            "floating_ip": null,
            "force_delete": false,
            "id": "793f4b58-8517-4eb8-9a74-bb567dd9bba8",
            "image_id": "a32aaf69-72d8-4b98-9e6a-67929fa1b9cb",
            "image_name": "Debian 11",
            "key_pair": "sshkey_front_eductive06",
            "metadata": null,
            "name": "front_eductive06",
            "network": [
              {
                "access_network": false,
                "fixed_ip_v4": "57.128.44.17",
                "fixed_ip_v6": "[2001:41d0:304:300::35e3]",
                "floating_ip": "",
                "mac": "fa:16:3e:6f:6e:c0",
                "name": "Ext-Net",
                "port": "",
                "uuid": "bcf59eb2-9d83-41cc-b4f5-0435ed594833"
              },
              {
                "access_network": false,
                "fixed_ip_v4": "192.168.6.161",
                "fixed_ip_v6": "",
                "floating_ip": "",
                "mac": "fa:16:3e:03:57:e4",
                "name": "private_network_backend_eductive06",
                "port": "",
                "uuid": "8e44b50e-7959-498c-875a-33cd1153d8cb"
              }
            ],
            "network_mode": null,
            "personality": [],
            "power_state": "active",
            "region": "GRA11",
            "scheduler_hints": [],
            "security_groups": [
              "default"
            ],
            "stop_before_destroy": false,
            "tags": null,
            "timeouts": null,
            "user_data": null,
            "vendor_options": [],
            "volume": []
          },
          "sensitive_attributes": [],
          "private": "eyJlMmJmYjczMC1lY2FhLTExZTYtOGY4OC0zNDM2M2JjN2M0YzAiOnsiY3JlYXRlIjoxODAwMDAwMDAwMDAwLCJkZWxldGUiOjE4MDAwMDAwMDAwMDAsInVwZGF0ZSI6MTgwMDAwMDAwMDAwMH19",
          "dependencies": [
            "openstack_compute_keypair_v2.front_key",
            "ovh_cloud_project_network_private.network",
            "ovh_cloud_project_network_private_subnet.subnet"
          ]
        }
      ]
    },
    {
      "mode": "managed",
      "type": "openstack_compute_keypair_v2",
      "name": "back_key",
      "provider": "provider[\"registry.terraform.io/terraform-provider-openstack/openstack\"].ovh",
      "instances": [
        {
          "index_key": 0,
          "schema_version": 0,
          "attributes": {
            "fingerprint": "41:d1:df:63:55:d6:16:72:ad:fb:73:97:02:60:c4:40",
            "id": "sshkey_backend_eductive06",
            "name": "sshkey_backend_eductive06",
            "private_key": "",
            "public_key": "ssh-rsa AAAAB3NzaC1yc2EAAAADAQABAAACAQC7AJjlyTKqdFpY+mZM6hUUCghmdaHZpDxmgVfE1zYNoEww+2LxXYmjh2sBJGxJzwMS0p1xd67KVZ1Wq6PVsU7X90jVH9Iv0zC4FHZShDBNAJ3eVSL1whu8ORx8Lyt61KdCK1wjXT8aXR484j+PJKv0HUrtlXPx11pfSmgPRrFrwsRKOMOochOy7Cmx4u+JUZ46dLd/tJu3bK8afHS+4rmCOILdkXO9lwiu2/tkvJ7eyDIO/MVue+qd8v3TLBSMiqWw8vIN+v54GMu11bydfBpAUx/rB6wli9GcXD6rGOa21uiSXfMV+eZzHkBTVIt7sGtNLyl/5Vyf57RWmswSQQt2jIqzHRbxUpzDwpFIPnwNqyIj+1mZaghJLHJyaIOQ79BeuzGU8dKLGaautRJv75KvEK+X3iFSnvBhvTjSvEP1LHFtW+8KJZUipQ6F7yZ+mN5ASqqap1fuLhuuXTcumJ/xwudn1YlRKw3lnIqnz5QVg2CYXIXTzHe3um33x+om2cLCX6az7pyd4xMcd18gqoehxNxVdYB7XrT1FFGuxnxIBUUonwdCUGtLbqXaYCGOD6eRuvZSDa/KcAJTEJkHHXZ3XUsHocpUaNRrqAjtiQDrjQAHznMTvdcGyHSZDmjKV1N7FeGpG/dMRv3hu0q7v8Peie4mKcY6ktn9yGHsOSJaSQ== eductive06@master.thisistheway.ovh\n",
            "region": "GRA11",
            "value_specs": null
          },
          "sensitive_attributes": [],
          "private": "bnVsbA=="
        },
        {
          "index_key": 1,
          "schema_version": 0,
          "attributes": {
            "fingerprint": "41:d1:df:63:55:d6:16:72:ad:fb:73:97:02:60:c4:40",
            "id": "sshkey_backend_eductive06",
            "name": "sshkey_backend_eductive06",
            "private_key": "",
            "public_key": "ssh-rsa AAAAB3NzaC1yc2EAAAADAQABAAACAQC7AJjlyTKqdFpY+mZM6hUUCghmdaHZpDxmgVfE1zYNoEww+2LxXYmjh2sBJGxJzwMS0p1xd67KVZ1Wq6PVsU7X90jVH9Iv0zC4FHZShDBNAJ3eVSL1whu8ORx8Lyt61KdCK1wjXT8aXR484j+PJKv0HUrtlXPx11pfSmgPRrFrwsRKOMOochOy7Cmx4u+JUZ46dLd/tJu3bK8afHS+4rmCOILdkXO9lwiu2/tkvJ7eyDIO/MVue+qd8v3TLBSMiqWw8vIN+v54GMu11bydfBpAUx/rB6wli9GcXD6rGOa21uiSXfMV+eZzHkBTVIt7sGtNLyl/5Vyf57RWmswSQQt2jIqzHRbxUpzDwpFIPnwNqyIj+1mZaghJLHJyaIOQ79BeuzGU8dKLGaautRJv75KvEK+X3iFSnvBhvTjSvEP1LHFtW+8KJZUipQ6F7yZ+mN5ASqqap1fuLhuuXTcumJ/xwudn1YlRKw3lnIqnz5QVg2CYXIXTzHe3um33x+om2cLCX6az7pyd4xMcd18gqoehxNxVdYB7XrT1FFGuxnxIBUUonwdCUGtLbqXaYCGOD6eRuvZSDa/KcAJTEJkHHXZ3XUsHocpUaNRrqAjtiQDrjQAHznMTvdcGyHSZDmjKV1N7FeGpG/dMRv3hu0q7v8Peie4mKcY6ktn9yGHsOSJaSQ== eductive06@master.thisistheway.ovh\n",
            "region": "SBG5",
            "value_specs": null
          },
          "sensitive_attributes": [],
          "private": "bnVsbA=="
        }
      ]
    },
    {
      "mode": "managed",
      "type": "openstack_compute_keypair_v2",
      "name": "front_key",
      "provider": "provider[\"registry.terraform.io/terraform-provider-openstack/openstack\"].ovh",
      "instances": [
        {
          "schema_version": 0,
          "attributes": {
            "fingerprint": "41:d1:df:63:55:d6:16:72:ad:fb:73:97:02:60:c4:40",
            "id": "sshkey_front_eductive06",
            "name": "sshkey_front_eductive06",
            "private_key": "",
            "public_key": "ssh-rsa AAAAB3NzaC1yc2EAAAADAQABAAACAQC7AJjlyTKqdFpY+mZM6hUUCghmdaHZpDxmgVfE1zYNoEww+2LxXYmjh2sBJGxJzwMS0p1xd67KVZ1Wq6PVsU7X90jVH9Iv0zC4FHZShDBNAJ3eVSL1whu8ORx8Lyt61KdCK1wjXT8aXR484j+PJKv0HUrtlXPx11pfSmgPRrFrwsRKOMOochOy7Cmx4u+JUZ46dLd/tJu3bK8afHS+4rmCOILdkXO9lwiu2/tkvJ7eyDIO/MVue+qd8v3TLBSMiqWw8vIN+v54GMu11bydfBpAUx/rB6wli9GcXD6rGOa21uiSXfMV+eZzHkBTVIt7sGtNLyl/5Vyf57RWmswSQQt2jIqzHRbxUpzDwpFIPnwNqyIj+1mZaghJLHJyaIOQ79BeuzGU8dKLGaautRJv75KvEK+X3iFSnvBhvTjSvEP1LHFtW+8KJZUipQ6F7yZ+mN5ASqqap1fuLhuuXTcumJ/xwudn1YlRKw3lnIqnz5QVg2CYXIXTzHe3um33x+om2cLCX6az7pyd4xMcd18gqoehxNxVdYB7XrT1FFGuxnxIBUUonwdCUGtLbqXaYCGOD6eRuvZSDa/KcAJTEJkHHXZ3XUsHocpUaNRrqAjtiQDrjQAHznMTvdcGyHSZDmjKV1N7FeGpG/dMRv3hu0q7v8Peie4mKcY6ktn9yGHsOSJaSQ== eductive06@master.thisistheway.ovh\n",
            "region": "GRA11",
            "value_specs": null
          },
          "sensitive_attributes": [],
          "private": "bnVsbA=="
        }
      ]
    },
    {
      "mode": "managed",
      "type": "ovh_cloud_project_database",
      "name": "db_eductive06",
      "provider": "provider[\"registry.terraform.io/ovh/ovh\"]",
      "instances": [
        {
          "schema_version": 0,
          "attributes": {
            "backup_time": "17:32:00",
            "created_at": "2023-01-11T20:54:40.590925+01:00",
            "description": "db_eductive06",
            "disk_size": 80,
            "disk_type": "high-speed",
            "endpoints": [
              {
                "component": "mysql",
                "domain": "mysql-e8f51fde-o5d5bb6d4.database.cloud.ovh.net",
                "path": "",
                "port": 20184,
                "scheme": "mysql",
                "ssl": true,
                "ssl_mode": "REQUIRED",
                "uri": "mysql://\u003cusername\u003e:\u003cpassword\u003e@mysql-e8f51fde-o5d5bb6d4.database.cloud.ovh.net:20184/defaultdb?ssl-mode=REQUIRED"
              }
            ],
            "engine": "mysql",
            "flavor": "db1-4",
            "id": "e8f51fde-74c7-47a5-a2bd-fbd18dd5a6d6",
            "kafka_rest_api": false,
            "maintenance_time": "10:27:42",
            "network_type": "public",
            "nodes": [
              {
                "network_id": "",
                "region": "GRA",
                "subnet_id": ""
              }
            ],
            "opensearch_acls_enabled": false,
            "plan": "essential",
            "service_name": "9957f50cea694f13b26cc064d04b2e95",
            "status": "READY",
            "timeouts": null,
            "version": "8"
          },
          "sensitive_attributes": [],
          "private": "eyJlMmJmYjczMC1lY2FhLTExZTYtOGY4OC0zNDM2M2JjN2M0YzAiOnsiY3JlYXRlIjoxMjAwMDAwMDAwMDAwLCJkZWxldGUiOjEyMDAwMDAwMDAwMDAsInVwZGF0ZSI6MjQwMDAwMDAwMDAwMH19"
        }
      ]
    },
    {
      "mode": "managed",
      "type": "ovh_cloud_project_database_database",
      "name": "database",
      "provider": "provider[\"registry.terraform.io/ovh/ovh\"]",
      "instances": [
        {
          "schema_version": 0,
          "attributes": {
            "cluster_id": "e8f51fde-74c7-47a5-a2bd-fbd18dd5a6d6",
            "default": false,
            "engine": "mysql",
            "id": "cb381292-5321-472a-8f07-af6d9cf85d13",
            "name": "db_eductive06",
            "service_name": "9957f50cea694f13b26cc064d04b2e95",
            "timeouts": null
          },
          "sensitive_attributes": [],
          "private": "eyJlMmJmYjczMC1lY2FhLTExZTYtOGY4OC0zNDM2M2JjN2M0YzAiOnsiY3JlYXRlIjoxMjAwMDAwMDAwMDAwLCJkZWxldGUiOjEyMDAwMDAwMDAwMDB9fQ==",
          "dependencies": [
            "ovh_cloud_project_database.db_eductive06"
          ]
        }
      ]
    },
    {
      "mode": "managed",
      "type": "ovh_cloud_project_database_ip_restriction",
      "name": "iprestriction1",
      "provider": "provider[\"registry.terraform.io/ovh/ovh\"]",
      "instances": [
        {
          "schema_version": 0,
          "attributes": {
            "cluster_id": "e8f51fde-74c7-47a5-a2bd-fbd18dd5a6d6",
            "description": "",
            "engine": "mysql",
            "id": "4228146053",
            "ip": "57.128.82.228/32",
            "service_name": "9957f50cea694f13b26cc064d04b2e95",
            "status": "READY",
            "timeouts": null
          },
          "sensitive_attributes": [],
          "private": "eyJlMmJmYjczMC1lY2FhLTExZTYtOGY4OC0zNDM2M2JjN2M0YzAiOnsiY3JlYXRlIjoxMjAwMDAwMDAwMDAwLCJkZWxldGUiOjEyMDAwMDAwMDAwMDAsInVwZGF0ZSI6MTIwMDAwMDAwMDAwMH19",
          "dependencies": [
            "openstack_compute_instance_v2.tp_backend",
            "openstack_compute_keypair_v2.back_key",
            "ovh_cloud_project_database.db_eductive06",
            "ovh_cloud_project_network_private.network",
            "ovh_cloud_project_network_private_subnet.subnet"
          ]
        }
      ]
    },
    {
      "mode": "managed",
      "type": "ovh_cloud_project_database_ip_restriction",
      "name": "iprestriction2",
      "provider": "provider[\"registry.terraform.io/ovh/ovh\"]",
      "instances": [
        {
          "schema_version": 0,
          "attributes": {
            "cluster_id": "e8f51fde-74c7-47a5-a2bd-fbd18dd5a6d6",
            "description": "",
            "engine": "mysql",
            "id": "1014853387",
            "ip": "57.128.69.58/32",
            "service_name": "9957f50cea694f13b26cc064d04b2e95",
            "status": "READY",
            "timeouts": null
          },
          "sensitive_attributes": [],
          "private": "eyJlMmJmYjczMC1lY2FhLTExZTYtOGY4OC0zNDM2M2JjN2M0YzAiOnsiY3JlYXRlIjoxMjAwMDAwMDAwMDAwLCJkZWxldGUiOjEyMDAwMDAwMDAwMDAsInVwZGF0ZSI6MTIwMDAwMDAwMDAwMH19",
          "dependencies": [
            "openstack_compute_instance_v2.tp_backend",
            "openstack_compute_keypair_v2.back_key",
            "ovh_cloud_project_database.db_eductive06",
            "ovh_cloud_project_network_private.network",
            "ovh_cloud_project_network_private_subnet.subnet"
          ]
        }
      ]
    },
    {
      "mode": "managed",
      "type": "ovh_cloud_project_database_user",
      "name": "user",
      "provider": "provider[\"registry.terraform.io/ovh/ovh\"]",
      "instances": [
        {
          "schema_version": 0,
          "attributes": {
            "cluster_id": "e8f51fde-74c7-47a5-a2bd-fbd18dd5a6d6",
            "created_at": "2023-01-11T20:58:35.370096+01:00",
            "engine": "mysql",
            "id": "6ff9e2a5-b8b4-4c96-98a1-5b826509e186",
            "name": "eductive06",
            "password": "AVNS_QOWfwGWUnXPM5xN0PoK",
            "password_reset": "admin",
            "service_name": "9957f50cea694f13b26cc064d04b2e95",
            "status": "READY",
            "timeouts": null
          },
          "sensitive_attributes": [],
          "private": "eyJlMmJmYjczMC1lY2FhLTExZTYtOGY4OC0zNDM2M2JjN2M0YzAiOnsiY3JlYXRlIjoxMjAwMDAwMDAwMDAwLCJkZWxldGUiOjEyMDAwMDAwMDAwMDAsInVwZGF0ZSI6MTIwMDAwMDAwMDAwMH19",
          "dependencies": [
            "ovh_cloud_project_database.db_eductive06"
          ]
        }
      ]
    },
    {
      "mode": "managed",
      "type": "ovh_cloud_project_network_private",
      "name": "network",
      "provider": "provider[\"registry.terraform.io/ovh/ovh\"].ovh",
      "instances": [
        {
          "schema_version": 0,
          "attributes": {
            "id": "pn-1089024_6",
            "name": "private_network_backend_eductive06",
            "regions": [
              "GRA11",
              "SBG5"
            ],
            "regions_attributes": [
              {
                "openstackid": "7383171d-db92-4b72-9c95-a7fbb7c67f3e",
                "region": "SBG5",
                "status": "ACTIVE"
              },
              {
                "openstackid": "8e44b50e-7959-498c-875a-33cd1153d8cb",
                "region": "GRA11",
                "status": "ACTIVE"
              }
            ],
            "regions_status": [
              {
                "region": "SBG5",
                "status": "ACTIVE"
              }
            ],
            "service_name": "9957f50cea694f13b26cc064d04b2e95",
            "status": "ACTIVE",
            "type": "private",
            "vlan_id": 6
          },
          "sensitive_attributes": [],
          "private": "bnVsbA=="
        }
      ]
    },
    {
      "mode": "managed",
      "type": "ovh_cloud_project_network_private_subnet",
      "name": "subnet",
      "provider": "provider[\"registry.terraform.io/ovh/ovh\"].ovh",
      "instances": [
        {
          "index_key": 0,
          "schema_version": 0,
          "attributes": {
            "cidr": "192.168.6.0/24",
            "dhcp": true,
            "end": "192.168.6.200",
            "gateway_ip": "",
            "id": "6a0bd1d5-5344-41c4-8fc8-a14fe2e035d1",
            "ip_pools": [
              {
                "dhcp": true,
                "end": "192.168.6.200",
                "network": "192.168.6.0/24",
                "region": "GRA11",
                "start": "192.168.6.100"
              }
            ],
            "network": "192.168.6.0/24",
            "network_id": "pn-1089024_6",
            "no_gateway": true,
            "region": "GRA11",
            "service_name": "9957f50cea694f13b26cc064d04b2e95",
            "start": "192.168.6.100"
          },
          "sensitive_attributes": [],
          "private": "bnVsbA==",
          "dependencies": [
            "ovh_cloud_project_network_private.network"
          ]
        },
        {
          "index_key": 1,
          "schema_version": 0,
          "attributes": {
            "cidr": "192.168.6.0/24",
            "dhcp": true,
            "end": "192.168.6.200",
            "gateway_ip": "",
            "id": "a6cb27fd-ff4e-4336-b1c0-4daf36dfb5b0",
            "ip_pools": [
              {
                "dhcp": true,
                "end": "192.168.6.200",
                "network": "192.168.6.0/24",
                "region": "SBG5",
                "start": "192.168.6.100"
              }
            ],
            "network": "192.168.6.0/24",
            "network_id": "pn-1089024_6",
            "no_gateway": true,
            "region": "SBG5",
            "service_name": "9957f50cea694f13b26cc064d04b2e95",
            "start": "192.168.6.100"
          },
          "sensitive_attributes": [],
          "private": "bnVsbA==",
          "dependencies": [
            "ovh_cloud_project_network_private.network"
          ]
        }
      ]
    }
  ],
  "check_results": []
}
